// !$*UTF8*$!
{
	archiveVersion = 1;
	classes = {
	};
	objectVersion = 50;
	objects = {

/* Begin PBXBuildFile section */
		A0C8C40523CB34EE001FEF99 /* NetworkDataFetcher.swift in Sources */ = {isa = PBXBuildFile; fileRef = A0C8C40423CB34EE001FEF99 /* NetworkDataFetcher.swift */; };
		A0F3FDE923CA623C00616734 /* AppDelegate.swift in Sources */ = {isa = PBXBuildFile; fileRef = A0F3FDE823CA623C00616734 /* AppDelegate.swift */; };
		A0F3FDEB23CA623C00616734 /* SceneDelegate.swift in Sources */ = {isa = PBXBuildFile; fileRef = A0F3FDEA23CA623C00616734 /* SceneDelegate.swift */; };
		A0F3FDED23CA623C00616734 /* ViewController.swift in Sources */ = {isa = PBXBuildFile; fileRef = A0F3FDEC23CA623C00616734 /* ViewController.swift */; };
		A0F3FDF023CA623C00616734 /* Main.storyboard in Resources */ = {isa = PBXBuildFile; fileRef = A0F3FDEE23CA623C00616734 /* Main.storyboard */; };
		A0F3FDF223CA624800616734 /* Assets.xcassets in Resources */ = {isa = PBXBuildFile; fileRef = A0F3FDF123CA624800616734 /* Assets.xcassets */; };
		A0F3FDF523CA624800616734 /* LaunchScreen.storyboard in Resources */ = {isa = PBXBuildFile; fileRef = A0F3FDF323CA624800616734 /* LaunchScreen.storyboard */; };
		A0F3FDFD23CA626900616734 /* NetworkService.swift in Sources */ = {isa = PBXBuildFile; fileRef = A0F3FDFC23CA626900616734 /* NetworkService.swift */; };
		A0F3FE0323CA654A00616734 /* TrendingJSONModel.swift in Sources */ = {isa = PBXBuildFile; fileRef = A0F3FE0223CA654A00616734 /* TrendingJSONModel.swift */; };
		A0F3FE0523CA659900616734 /* ObjectJSONModel.swift in Sources */ = {isa = PBXBuildFile; fileRef = A0F3FE0423CA659900616734 /* ObjectJSONModel.swift */; };
/* End PBXBuildFile section */

/* Begin PBXFileReference section */
		A0C8C40423CB34EE001FEF99 /* NetworkDataFetcher.swift */ = {isa = PBXFileReference; lastKnownFileType = sourcecode.swift; path = NetworkDataFetcher.swift; sourceTree = "<group>"; };
		A0F3FDE523CA623C00616734 /* TestTask.app */ = {isa = PBXFileReference; explicitFileType = wrapper.application; includeInIndex = 0; path = TestTask.app; sourceTree = BUILT_PRODUCTS_DIR; };
		A0F3FDE823CA623C00616734 /* AppDelegate.swift */ = {isa = PBXFileReference; lastKnownFileType = sourcecode.swift; path = AppDelegate.swift; sourceTree = "<group>"; };
		A0F3FDEA23CA623C00616734 /* SceneDelegate.swift */ = {isa = PBXFileReference; lastKnownFileType = sourcecode.swift; path = SceneDelegate.swift; sourceTree = "<group>"; };
		A0F3FDEC23CA623C00616734 /* ViewController.swift */ = {isa = PBXFileReference; lastKnownFileType = sourcecode.swift; path = ViewController.swift; sourceTree = "<group>"; };
		A0F3FDEF23CA623C00616734 /* Base */ = {isa = PBXFileReference; lastKnownFileType = file.storyboard; name = Base; path = Base.lproj/Main.storyboard; sourceTree = "<group>"; };
		A0F3FDF123CA624800616734 /* Assets.xcassets */ = {isa = PBXFileReference; lastKnownFileType = folder.assetcatalog; path = Assets.xcassets; sourceTree = "<group>"; };
		A0F3FDF423CA624800616734 /* Base */ = {isa = PBXFileReference; lastKnownFileType = file.storyboard; name = Base; path = Base.lproj/LaunchScreen.storyboard; sourceTree = "<group>"; };
		A0F3FDF623CA624800616734 /* Info.plist */ = {isa = PBXFileReference; lastKnownFileType = text.plist.xml; path = Info.plist; sourceTree = "<group>"; };
		A0F3FDFC23CA626900616734 /* NetworkService.swift */ = {isa = PBXFileReference; lastKnownFileType = sourcecode.swift; path = NetworkService.swift; sourceTree = "<group>"; };
		A0F3FE0223CA654A00616734 /* TrendingJSONModel.swift */ = {isa = PBXFileReference; lastKnownFileType = sourcecode.swift; path = TrendingJSONModel.swift; sourceTree = "<group>"; };
		A0F3FE0423CA659900616734 /* ObjectJSONModel.swift */ = {isa = PBXFileReference; lastKnownFileType = sourcecode.swift; path = ObjectJSONModel.swift; sourceTree = "<group>"; };
/* End PBXFileReference section */

/* Begin PBXFrameworksBuildPhase section */
		A0F3FDE223CA623C00616734 /* Frameworks */ = {
			isa = PBXFrameworksBuildPhase;
			buildActionMask = 2147483647;
			files = (
			);
			runOnlyForDeploymentPostprocessing = 0;
		};
/* End PBXFrameworksBuildPhase section */

/* Begin PBXGroup section */
		A0F3FDDC23CA623C00616734 = {
			isa = PBXGroup;
			children = (
				A0F3FDE723CA623C00616734 /* TestTask */,
				A0F3FDE623CA623C00616734 /* Products */,
			);
			sourceTree = "<group>";
		};
		A0F3FDE623CA623C00616734 /* Products */ = {
			isa = PBXGroup;
			children = (
				A0F3FDE523CA623C00616734 /* TestTask.app */,
			);
			name = Products;
			sourceTree = "<group>";
		};
		A0F3FDE723CA623C00616734 /* TestTask */ = {
			isa = PBXGroup;
			children = (
				A0F3FDE823CA623C00616734 /* AppDelegate.swift */,
				A0F3FDEA23CA623C00616734 /* SceneDelegate.swift */,
				A0F3FDEC23CA623C00616734 /* ViewController.swift */,
				A0F3FE0123CA651C00616734 /* Models */,
				A0F3FDFE23CA63EE00616734 /* Networking */,
				A0F3FDEE23CA623C00616734 /* Main.storyboard */,
				A0F3FDF123CA624800616734 /* Assets.xcassets */,
				A0F3FDF323CA624800616734 /* LaunchScreen.storyboard */,
				A0F3FDF623CA624800616734 /* Info.plist */,
			);
			path = TestTask;
			sourceTree = "<group>";
		};
		A0F3FDFE23CA63EE00616734 /* Networking */ = {
			isa = PBXGroup;
			children = (
				A0F3FDFC23CA626900616734 /* NetworkService.swift */,
				A0C8C40423CB34EE001FEF99 /* NetworkDataFetcher.swift */,
			);
			path = Networking;
			sourceTree = "<group>";
		};
		A0F3FE0123CA651C00616734 /* Models */ = {
			isa = PBXGroup;
			children = (
				A0F3FE0223CA654A00616734 /* TrendingJSONModel.swift */,
				A0F3FE0423CA659900616734 /* ObjectJSONModel.swift */,
			);
			path = Models;
			sourceTree = "<group>";
		};
/* End PBXGroup section */

/* Begin PBXNativeTarget section */
		A0F3FDE423CA623C00616734 /* TestTask */ = {
			isa = PBXNativeTarget;
			buildConfigurationList = A0F3FDF923CA624800616734 /* Build configuration list for PBXNativeTarget "TestTask" */;
			buildPhases = (
				A0F3FDE123CA623C00616734 /* Sources */,
				A0F3FDE223CA623C00616734 /* Frameworks */,
				A0F3FDE323CA623C00616734 /* Resources */,
			);
			buildRules = (
			);
			dependencies = (
			);
			name = TestTask;
			productName = TestTask;
			productReference = A0F3FDE523CA623C00616734 /* TestTask.app */;
			productType = "com.apple.product-type.application";
		};
/* End PBXNativeTarget section */

/* Begin PBXProject section */
		A0F3FDDD23CA623C00616734 /* Project object */ = {
			isa = PBXProject;
			attributes = {
				LastSwiftUpdateCheck = 1130;
				LastUpgradeCheck = 1130;
				ORGANIZATIONNAME = Khymychcrew;
				TargetAttributes = {
					A0F3FDE423CA623C00616734 = {
						CreatedOnToolsVersion = 11.3;
					};
				};
			};
			buildConfigurationList = A0F3FDE023CA623C00616734 /* Build configuration list for PBXProject "TestTask" */;
			compatibilityVersion = "Xcode 9.3";
			developmentRegion = en;
			hasScannedForEncodings = 0;
			knownRegions = (
				en,
				Base,
			);
			mainGroup = A0F3FDDC23CA623C00616734;
			productRefGroup = A0F3FDE623CA623C00616734 /* Products */;
			projectDirPath = "";
			projectRoot = "";
			targets = (
				A0F3FDE423CA623C00616734 /* TestTask */,
			);
		};
/* End PBXProject section */

/* Begin PBXResourcesBuildPhase section */
		A0F3FDE323CA623C00616734 /* Resources */ = {
			isa = PBXResourcesBuildPhase;
			buildActionMask = 2147483647;
			files = (
				A0F3FDF523CA624800616734 /* LaunchScreen.storyboard in Resources */,
				A0F3FDF223CA624800616734 /* Assets.xcassets in Resources */,
				A0F3FDF023CA623C00616734 /* Main.storyboard in Resources */,
			);
			runOnlyForDeploymentPostprocessing = 0;
		};
/* End PBXResourcesBuildPhase section */

/* Begin PBXSourcesBuildPhase section */
		A0F3FDE123CA623C00616734 /* Sources */ = {
			isa = PBXSourcesBuildPhase;
			buildActionMask = 2147483647;
			files = (
				A0C8C40523CB34EE001FEF99 /* NetworkDataFetcher.swift in Sources */,
				A0F3FDED23CA623C00616734 /* ViewController.swift in Sources */,
				A0F3FE0323CA654A00616734 /* TrendingJSONModel.swift in Sources */,
				A0F3FDE923CA623C00616734 /* AppDelegate.swift in Sources */,
				A0F3FDFD23CA626900616734 /* NetworkService.swift in Sources */,
				A0F3FE0523CA659900616734 /* ObjectJSONModel.swift in Sources */,
				A0F3FDEB23CA623C00616734 /* SceneDelegate.swift in Sources */,
			);
			runOnlyForDeploymentPostprocessing = 0;
		};
/* End PBXSourcesBuildPhase section */

/* Begin PBXVariantGroup section */
		A0F3FDEE23CA623C00616734 /* Main.storyboard */ = {
			isa = PBXVariantGroup;
			children = (
				A0F3FDEF23CA623C00616734 /* Base */,
			);
			name = Main.storyboard;
			sourceTree = "<group>";
		};
		A0F3FDF323CA624800616734 /* LaunchScreen.storyboard */ = {
			isa = PBXVariantGroup;
			children = (
				A0F3FDF423CA624800616734 /* Base */,
			);
			name = LaunchScreen.storyboard;
			sourceTree = "<group>";
		};
/* End PBXVariantGroup section */

/* Begin XCBuildConfiguration section */
		A0F3FDF723CA624800616734 /* Debug */ = {
			isa = XCBuildConfiguration;
			buildSettings = {
				ALWAYS_SEARCH_USER_PATHS = NO;
				CLANG_ANALYZER_NONNULL = YES;
				CLANG_ANALYZER_NUMBER_OBJECT_CONVERSION = YES_AGGRESSIVE;
				CLANG_CXX_LANGUAGE_STANDARD = "gnu++14";
				CLANG_CXX_LIBRARY = "libc++";
				CLANG_ENABLE_MODULES = YES;
				CLANG_ENABLE_OBJC_ARC = YES;
				CLANG_ENABLE_OBJC_WEAK = YES;
				CLANG_WARN_BLOCK_CAPTURE_AUTORELEASING = YES;
				CLANG_WARN_BOOL_CONVERSION = YES;
				CLANG_WARN_COMMA = YES;
				CLANG_WARN_CONSTANT_CONVERSION = YES;
				CLANG_WARN_DEPRECATED_OBJC_IMPLEMENTATIONS = YES;
				CLANG_WARN_DIRECT_OBJC_ISA_USAGE = YES_ERROR;
				CLANG_WARN_DOCUMENTATION_COMMENTS = YES;
				CLANG_WARN_EMPTY_BODY = YES;
				CLANG_WARN_ENUM_CONVERSION = YES;
				CLANG_WARN_INFINITE_RECURSION = YES;
				CLANG_WARN_INT_CONVERSION = YES;
				CLANG_WARN_NON_LITERAL_NULL_CONVERSION = YES;
				CLANG_WARN_OBJC_IMPLICIT_RETAIN_SELF = YES;
				CLANG_WARN_OBJC_LITERAL_CONVERSION = YES;
				CLANG_WARN_OBJC_ROOT_CLASS = YES_ERROR;
				CLANG_WARN_RANGE_LOOP_ANALYSIS = YES;
				CLANG_WARN_STRICT_PROTOTYPES = YES;
				CLANG_WARN_SUSPICIOUS_MOVE = YES;
				CLANG_WARN_UNGUARDED_AVAILABILITY = YES_AGGRESSIVE;
				CLANG_WARN_UNREACHABLE_CODE = YES;
				CLANG_WARN__DUPLICATE_METHOD_MATCH = YES;
				COPY_PHASE_STRIP = NO;
				DEBUG_INFORMATION_FORMAT = dwarf;
				ENABLE_STRICT_OBJC_MSGSEND = YES;
				ENABLE_TESTABILITY = YES;
				GCC_C_LANGUAGE_STANDARD = gnu11;
				GCC_DYNAMIC_NO_PIC = NO;
				GCC_NO_COMMON_BLOCKS = YES;
				GCC_OPTIMIZATION_LEVEL = 0;
				GCC_PREPROCESSOR_DEFINITIONS = (
					"DEBUG=1",
					"$(inherited)",
				);
				GCC_WARN_64_TO_32_BIT_CONVERSION = YES;
				GCC_WARN_ABOUT_RETURN_TYPE = YES_ERROR;
				GCC_WARN_UNDECLARED_SELECTOR = YES;
				GCC_WARN_UNINITIALIZED_AUTOS = YES_AGGRESSIVE;
				GCC_WARN_UNUSED_FUNCTION = YES;
				GCC_WARN_UNUSED_VARIABLE = YES;
				IPHONEOS_DEPLOYMENT_TARGET = 13.2;
				MTL_ENABLE_DEBUG_INFO = INCLUDE_SOURCE;
				MTL_FAST_MATH = YES;
				ONLY_ACTIVE_ARCH = YES;
				SDKROOT = iphoneos;
				SWIFT_ACTIVE_COMPILATION_CONDITIONS = DEBUG;
				SWIFT_OPTIMIZATION_LEVEL = "-Onone";
			};
			name = Debug;
		};
		A0F3FDF823CA624800616734 /* Release */ = {
			isa = XCBuildConfiguration;
			buildSettings = {
				ALWAYS_SEARCH_USER_PATHS = NO;
				CLANG_ANALYZER_NONNULL = YES;
				CLANG_ANALYZER_NUMBER_OBJECT_CONVERSION = YES_AGGRESSIVE;
				CLANG_CXX_LANGUAGE_STANDARD = "gnu++14";
				CLANG_CXX_LIBRARY = "libc++";
				CLANG_ENABLE_MODULES = YES;
				CLANG_ENABLE_OBJC_ARC = YES;
				CLANG_ENABLE_OBJC_WEAK = YES;
				CLANG_WARN_BLOCK_CAPTURE_AUTORELEASING = YES;
				CLANG_WARN_BOOL_CONVERSION = YES;
				CLANG_WARN_COMMA = YES;
				CLANG_WARN_CONSTANT_CONVERSION = YES;
				CLANG_WARN_DEPRECATED_OBJC_IMPLEMENTATIONS = YES;
				CLANG_WARN_DIRECT_OBJC_ISA_USAGE = YES_ERROR;
				CLANG_WARN_DOCUMENTATION_COMMENTS = YES;
				CLANG_WARN_EMPTY_BODY = YES;
				CLANG_WARN_ENUM_CONVERSION = YES;
				CLANG_WARN_INFINITE_RECURSION = YES;
				CLANG_WARN_INT_CONVERSION = YES;
				CLANG_WARN_NON_LITERAL_NULL_CONVERSION = YES;
				CLANG_WARN_OBJC_IMPLICIT_RETAIN_SELF = YES;
				CLANG_WARN_OBJC_LITERAL_CONVERSION = YES;
				CLANG_WARN_OBJC_ROOT_CLASS = YES_ERROR;
				CLANG_WARN_RANGE_LOOP_ANALYSIS = YES;
				CLANG_WARN_STRICT_PROTOTYPES = YES;
				CLANG_WARN_SUSPICIOUS_MOVE = YES;
				CLANG_WARN_UNGUARDED_AVAILABILITY = YES_AGGRESSIVE;
				CLANG_WARN_UNREACHABLE_CODE = YES;
				CLANG_WARN__DUPLICATE_METHOD_MATCH = YES;
				COPY_PHASE_STRIP = NO;
				DEBUG_INFORMATION_FORMAT = "dwarf-with-dsym";
				ENABLE_NS_ASSERTIONS = NO;
				ENABLE_STRICT_OBJC_MSGSEND = YES;
				GCC_C_LANGUAGE_STANDARD = gnu11;
				GCC_NO_COMMON_BLOCKS = YES;
				GCC_WARN_64_TO_32_BIT_CONVERSION = YES;
				GCC_WARN_ABOUT_RETURN_TYPE = YES_ERROR;
				GCC_WARN_UNDECLARED_SELECTOR = YES;
				GCC_WARN_UNINITIALIZED_AUTOS = YES_AGGRESSIVE;
				GCC_WARN_UNUSED_FUNCTION = YES;
				GCC_WARN_UNUSED_VARIABLE = YES;
				IPHONEOS_DEPLOYMENT_TARGET = 13.2;
				MTL_ENABLE_DEBUG_INFO = NO;
				MTL_FAST_MATH = YES;
				SDKROOT = iphoneos;
				SWIFT_COMPILATION_MODE = wholemodule;
				SWIFT_OPTIMIZATION_LEVEL = "-O";
				VALIDATE_PRODUCT = YES;
			};
			name = Release;
		};
		A0F3FDFA23CA624800616734 /* Debug */ = {
			isa = XCBuildConfiguration;
			buildSettings = {
				ASSETCATALOG_COMPILER_APPICON_NAME = AppIcon;
				CODE_SIGN_STYLE = Automatic;
				DEVELOPMENT_TEAM = ZHM2MNN2HL;
				INFOPLIST_FILE = TestTask/Info.plist;
				LD_RUNPATH_SEARCH_PATHS = (
					"$(inherited)",
					"@executable_path/Frameworks",
				);
				PRODUCT_BUNDLE_IDENTIFIER = Khymychcrew.TestTask;
				PRODUCT_NAME = "$(TARGET_NAME)";
				SWIFT_VERSION = 5.0;
				TARGETED_DEVICE_FAMILY = 1;
			};
			name = Debug;
		};
		A0F3FDFB23CA624800616734 /* Release */ = {
			isa = XCBuildConfiguration;
			buildSettings = {
				ASSETCATALOG_COMPILER_APPICON_NAME = AppIcon;
				CODE_SIGN_STYLE = Automatic;
				DEVELOPMENT_TEAM = ZHM2MNN2HL;
				INFOPLIST_FILE = TestTask/Info.plist;
				LD_RUNPATH_SEARCH_PATHS = (
					"$(inherited)",
					"@executable_path/Frameworks",
				);
				PRODUCT_BUNDLE_IDENTIFIER = Khymychcrew.TestTask;
				PRODUCT_NAME = "$(TARGET_NAME)";
				SWIFT_VERSION = 5.0;
				TARGETED_DEVICE_FAMILY = 1;
			};
			name = Release;
		};
/* End XCBuildConfiguration section */

/* Begin XCConfigurationList section */
		A0F3FDE023CA623C00616734 /* Build configuration list for PBXProject "TestTask" */ = {
			isa = XCConfigurationList;
			buildConfigurations = (
				A0F3FDF723CA624800616734 /* Debug */,
				A0F3FDF823CA624800616734 /* Release */,
			);
			defaultConfigurationIsVisible = 0;
			defaultConfigurationName = Release;
		};
		A0F3FDF923CA624800616734 /* Build configuration list for PBXNativeTarget "TestTask" */ = {
			isa = XCConfigurationList;
			buildConfigurations = (
				A0F3FDFA23CA624800616734 /* Debug */,
				A0F3FDFB23CA624800616734 /* Release */,
			);
			defaultConfigurationIsVisible = 0;
			defaultConfigurationName = Release;
		};
/* End XCConfigurationList section */
	};
	rootObject = A0F3FDDD23CA623C00616734 /* Project object */;
}
